
Microsoft Visual Studio Solution File, Format Version 12.00
# Visual Studio Version 17
VisualStudioVersion = 17.7.34031.279
MinimumVisualStudioVersion = 10.0.40219.1
Project("{FAE04EC0-301F-11D3-BF4B-00C04F79EFBC}") = "Abrikos Shiza 2", "Abrikos Shiza 2.csproj", "{9C844CBB-2153-42DC-87D9-387A2278F1B3}"
EndProject
Global
	GlobalSection(SolutionConfigurationPlatforms) = preSolution
		Debug|Any CPU = Debug|Any CPU
		Release|Any CPU = Release|Any CPU
	EndGlobalSection
	GlobalSection(ProjectConfigurationPlatforms) = postSolution
		{9C844CBB-2153-42DC-87D9-387A2278F1B3}.Debug|Any CPU.ActiveCfg = Debug|Any CPU
		{9C844CBB-2153-42DC-87D9-387A2278F1B3}.Debug|Any CPU.Build.0 = Debug|Any CPU
		{9C844CBB-2153-42DC-87D9-387A2278F1B3}.Release|Any CPU.ActiveCfg = Release|Any CPU
		{9C844CBB-2153-42DC-87D9-387A2278F1B3}.Release|Any CPU.Build.0 = Release|Any CPU
	EndGlobalSection
	GlobalSection(SolutionProperties) = preSolution
		HideSolutionNode = FALSE
	EndGlobalSection
	GlobalSection(ExtensibilityGlobals) = postSolution
		SolutionGuid = {325F63E3-AB10-4878-BE92-C0A7A1FBAA43}
	EndGlobalSection
EndGlobal
